
Microsoft Visual Studio Solution File, Format Version 12.00
# Visual Studio Version 16
VisualStudioVersion = 16.0.30717.126
MinimumVisualStudioVersion = 10.0.40219.1
Project("{FAE04EC0-301F-11D3-BF4B-00C04F79EFBC}") = "Azure-ServiceBus-MsgReceiver", "Azure-ServiceBus-MsgReceiver\Azure-ServiceBus-MsgReceiver.csproj", "{EB821DC4-7DAF-41BE-BE7A-550BD2BF568E}"
EndProject
Global
	GlobalSection(SolutionConfigurationPlatforms) = preSolution
		Debug|Any CPU = Debug|Any CPU
		Release|Any CPU = Release|Any CPU
	EndGlobalSection
	GlobalSection(ProjectConfigurationPlatforms) = postSolution
		{EB821DC4-7DAF-41BE-BE7A-550BD2BF568E}.Debug|Any CPU.ActiveCfg = Debug|Any CPU
		{EB821DC4-7DAF-41BE-BE7A-550BD2BF568E}.Debug|Any CPU.Build.0 = Debug|Any CPU
		{EB821DC4-7DAF-41BE-BE7A-550BD2BF568E}.Release|Any CPU.ActiveCfg = Release|Any CPU
		{EB821DC4-7DAF-41BE-BE7A-550BD2BF568E}.Release|Any CPU.Build.0 = Release|Any CPU
	EndGlobalSection
	GlobalSection(SolutionProperties) = preSolution
		HideSolutionNode = FALSE
	EndGlobalSection
	GlobalSection(ExtensibilityGlobals) = postSolution
		SolutionGuid = {97DD5172-1796-4286-8167-500F5860DE25}
	EndGlobalSection
EndGlobal
